
Microsoft Visual Studio Solution File, Format Version 12.00
# Visual Studio Version 17
VisualStudioVersion = 17.7.34024.191
MinimumVisualStudioVersion = 10.0.40219.1
Project("{2150E333-8FDC-42A3-9474-1A3956D46DE8}") = "Task0", "Task0", "{34BA0D2F-5CE8-4840-9A12-4F71A0D92367}"
EndProject
Project("{2150E333-8FDC-42A3-9474-1A3956D46DE8}") = "Task1", "Task1", "{90A4AED7-EA6B-473B-B01F-447150187880}"
EndProject
Project("{FAE04EC0-301F-11D3-BF4B-00C04F79EFBC}") = "Tyuiu.SvitkovIA.Sprint2.Task0.V17", "Tyuiu.SvitkovIA.Sprint2.Task0.V17\Tyuiu.SvitkovIA.Sprint2.Task0.V17.csproj", "{7EE12737-0664-47E2-9529-78D85A36185D}"
EndProject
Project("{FAE04EC0-301F-11D3-BF4B-00C04F79EFBC}") = "Tyuiu.SvitkovIA.Sprint2.Task0.V17.Lib", "Tyuiu.SvitkovIA.Sprint2.Task0.V17.Lib\Tyuiu.SvitkovIA.Sprint2.Task0.V17.Lib.csproj", "{F3342DA3-908C-4B82-9AD2-11F510ED295C}"
EndProject
Project("{FAE04EC0-301F-11D3-BF4B-00C04F79EFBC}") = "Tyuiu.SvitkovIA.Sprint2.Task0.V17.Test", "Tyuiu.SvitkovIA.Sprint2.Task0.V17.Test\Tyuiu.SvitkovIA.Sprint2.Task0.V17.Test.csproj", "{4A08DA05-6775-4A89-8BBB-3829E16B6D95}"
EndProject
Project("{FAE04EC0-301F-11D3-BF4B-00C04F79EFBC}") = "Tyuiu.SvitkovIA.Sprint2.Task1.V9.Lib", "Tyuiu.SvitkovIA.Sprint2.Task1.V9.Lib\Tyuiu.SvitkovIA.Sprint2.Task1.V9.Lib.csproj", "{2C321240-87E1-40D1-AE48-B188250D7F4F}"
EndProject
Project("{FAE04EC0-301F-11D3-BF4B-00C04F79EFBC}") = "Tyuiu.SvitkovIA.Sprint2.Task1.V9.Test", "Tyuiu.SvitkovIA.Sprint2.Task1.V9.Test\Tyuiu.SvitkovIA.Sprint2.Task1.V9.Test.csproj", "{D2147688-6947-47F1-A567-33A52D658F29}"
EndProject
Project("{FAE04EC0-301F-11D3-BF4B-00C04F79EFBC}") = "Tyuiu.SvitkovIA.Sprint2.Task1.V9", "Tyuiu.SvitkovIA.Sprint2.Task1.V9\Tyuiu.SvitkovIA.Sprint2.Task1.V9.csproj", "{7C1AF3A4-7A56-4EF9-AF31-DB734FB66322}"
EndProject
Project("{2150E333-8FDC-42A3-9474-1A3956D46DE8}") = "Task2", "Task2", "{DF5D5BF9-E80A-45DB-B9F0-8758888CF202}"
EndProject
Project("{FAE04EC0-301F-11D3-BF4B-00C04F79EFBC}") = "Tyuiu.SvitkovIA.Sprint2.Task2.V7", "Tyuiu.SvitkovIA.Sprint2.Task2.V7\Tyuiu.SvitkovIA.Sprint2.Task2.V7.csproj", "{F58F32AB-E162-40CA-ABC6-6F6EB653B802}"
EndProject
Project("{FAE04EC0-301F-11D3-BF4B-00C04F79EFBC}") = "Tyuiu.SvitkovIA.Sprint2.Task2.V7.Lib", "Tyuiu.SvitkovIA.Sprint2.Task2.V7.Lib\Tyuiu.SvitkovIA.Sprint2.Task2.V7.Lib.csproj", "{E30052EC-7608-4878-997D-E37284C081D0}"
EndProject
Project("{FAE04EC0-301F-11D3-BF4B-00C04F79EFBC}") = "Tyuiu.SvitkovIA.Sprint2.Task2.V7.Test", "Tyuiu.SvitkovIA.Sprint2.Task2.V7.Test\Tyuiu.SvitkovIA.Sprint2.Task2.V7.Test.csproj", "{979CE6AE-4399-4193-87FE-A2A6BD239D17}"
EndProject
Project("{2150E333-8FDC-42A3-9474-1A3956D46DE8}") = "Task3", "Task3", "{7037F677-8011-4986-AED3-D11FE2CEE640}"
EndProject
Project("{FAE04EC0-301F-11D3-BF4B-00C04F79EFBC}") = "Tyuiu.SvitkovIA.Sprint2.Task3.V5", "Tyuiu.SvitkovIA.Sprint2.Task3.V5\Tyuiu.SvitkovIA.Sprint2.Task3.V5.csproj", "{7DD87CA8-F919-4126-820B-4130E7B1E75B}"
EndProject
Project("{FAE04EC0-301F-11D3-BF4B-00C04F79EFBC}") = "Tyuiu.SvitkovIA.Sprint2.Task3.V5.Lib", "Tyuiu.SvitkovIA.Sprint2.Task3.V5.Lib\Tyuiu.SvitkovIA.Sprint2.Task3.V5.Lib.csproj", "{49D14952-BE56-445E-9EDC-8DE2FEA88FB0}"
EndProject
Project("{FAE04EC0-301F-11D3-BF4B-00C04F79EFBC}") = "Tyuiu.SvitkovIA.Sprint2.Task3.V5.Test", "Tyuiu.SvitkovIA.Sprint2.Task3.V5.Test\Tyuiu.SvitkovIA.Sprint2.Task3.V5.Test.csproj", "{DE842097-D807-43F5-999B-913F6E13AE29}"
EndProject
Project("{2150E333-8FDC-42A3-9474-1A3956D46DE8}") = "Task4", "Task4", "{101216DB-B804-4C2A-8E66-33F9B0BB7E55}"
EndProject
Project("{FAE04EC0-301F-11D3-BF4B-00C04F79EFBC}") = "Tyuiu.SvitkovIA.Sprint2.Task4.V7", "Tyuiu.SvitkovIA.Sprint2.Task4.V7\Tyuiu.SvitkovIA.Sprint2.Task4.V7.csproj", "{A47A4E22-5842-4504-9712-09720EBCED78}"
EndProject
Project("{FAE04EC0-301F-11D3-BF4B-00C04F79EFBC}") = "Tyuiu.SvitkovIA.Sprint2.Task4.V7.Lib", "Tyuiu.SvitkovIA.Sprint2.Task4.V7.Lib\Tyuiu.SvitkovIA.Sprint2.Task4.V7.Lib.csproj", "{E1DCD955-05DD-4EC1-B16E-01F9EFBE9879}"
EndProject
Project("{FAE04EC0-301F-11D3-BF4B-00C04F79EFBC}") = "Tyuiu.SvitkovIA.Sprint2.Task4.V7.Test", "Tyuiu.SvitkovIA.Sprint2.Task4.V7.Test\Tyuiu.SvitkovIA.Sprint2.Task4.V7.Test.csproj", "{5B84B3CF-1D3E-4A8C-A7F1-595A70C83C63}"
EndProject
Global
	GlobalSection(SolutionConfigurationPlatforms) = preSolution
		Debug|Any CPU = Debug|Any CPU
		Release|Any CPU = Release|Any CPU
	EndGlobalSection
	GlobalSection(ProjectConfigurationPlatforms) = postSolution
		{7EE12737-0664-47E2-9529-78D85A36185D}.Debug|Any CPU.ActiveCfg = Debug|Any CPU
		{7EE12737-0664-47E2-9529-78D85A36185D}.Debug|Any CPU.Build.0 = Debug|Any CPU
		{7EE12737-0664-47E2-9529-78D85A36185D}.Release|Any CPU.ActiveCfg = Release|Any CPU
		{7EE12737-0664-47E2-9529-78D85A36185D}.Release|Any CPU.Build.0 = Release|Any CPU
		{F3342DA3-908C-4B82-9AD2-11F510ED295C}.Debug|Any CPU.ActiveCfg = Debug|Any CPU
		{F3342DA3-908C-4B82-9AD2-11F510ED295C}.Debug|Any CPU.Build.0 = Debug|Any CPU
		{F3342DA3-908C-4B82-9AD2-11F510ED295C}.Release|Any CPU.ActiveCfg = Release|Any CPU
		{F3342DA3-908C-4B82-9AD2-11F510ED295C}.Release|Any CPU.Build.0 = Release|Any CPU
		{4A08DA05-6775-4A89-8BBB-3829E16B6D95}.Debug|Any CPU.ActiveCfg = Debug|Any CPU
		{4A08DA05-6775-4A89-8BBB-3829E16B6D95}.Debug|Any CPU.Build.0 = Debug|Any CPU
		{4A08DA05-6775-4A89-8BBB-3829E16B6D95}.Release|Any CPU.ActiveCfg = Release|Any CPU
		{4A08DA05-6775-4A89-8BBB-3829E16B6D95}.Release|Any CPU.Build.0 = Release|Any CPU
		{2C321240-87E1-40D1-AE48-B188250D7F4F}.Debug|Any CPU.ActiveCfg = Debug|Any CPU
		{2C321240-87E1-40D1-AE48-B188250D7F4F}.Debug|Any CPU.Build.0 = Debug|Any CPU
		{2C321240-87E1-40D1-AE48-B188250D7F4F}.Release|Any CPU.ActiveCfg = Release|Any CPU
		{2C321240-87E1-40D1-AE48-B188250D7F4F}.Release|Any CPU.Build.0 = Release|Any CPU
		{D2147688-6947-47F1-A567-33A52D658F29}.Debug|Any CPU.ActiveCfg = Debug|Any CPU
		{D2147688-6947-47F1-A567-33A52D658F29}.Debug|Any CPU.Build.0 = Debug|Any CPU
		{D2147688-6947-47F1-A567-33A52D658F29}.Release|Any CPU.ActiveCfg = Release|Any CPU
		{D2147688-6947-47F1-A567-33A52D658F29}.Release|Any CPU.Build.0 = Release|Any CPU
		{7C1AF3A4-7A56-4EF9-AF31-DB734FB66322}.Debug|Any CPU.ActiveCfg = Debug|Any CPU
		{7C1AF3A4-7A56-4EF9-AF31-DB734FB66322}.Debug|Any CPU.Build.0 = Debug|Any CPU
		{7C1AF3A4-7A56-4EF9-AF31-DB734FB66322}.Release|Any CPU.ActiveCfg = Release|Any CPU
		{7C1AF3A4-7A56-4EF9-AF31-DB734FB66322}.Release|Any CPU.Build.0 = Release|Any CPU
		{F58F32AB-E162-40CA-ABC6-6F6EB653B802}.Debug|Any CPU.ActiveCfg = Debug|Any CPU
		{F58F32AB-E162-40CA-ABC6-6F6EB653B802}.Debug|Any CPU.Build.0 = Debug|Any CPU
		{F58F32AB-E162-40CA-ABC6-6F6EB653B802}.Release|Any CPU.ActiveCfg = Release|Any CPU
		{F58F32AB-E162-40CA-ABC6-6F6EB653B802}.Release|Any CPU.Build.0 = Release|Any CPU
		{E30052EC-7608-4878-997D-E37284C081D0}.Debug|Any CPU.ActiveCfg = Debug|Any CPU
		{E30052EC-7608-4878-997D-E37284C081D0}.Debug|Any CPU.Build.0 = Debug|Any CPU
		{E30052EC-7608-4878-997D-E37284C081D0}.Release|Any CPU.ActiveCfg = Release|Any CPU
		{E30052EC-7608-4878-997D-E37284C081D0}.Release|Any CPU.Build.0 = Release|Any CPU
		{979CE6AE-4399-4193-87FE-A2A6BD239D17}.Debug|Any CPU.ActiveCfg = Debug|Any CPU
		{979CE6AE-4399-4193-87FE-A2A6BD239D17}.Debug|Any CPU.Build.0 = Debug|Any CPU
		{979CE6AE-4399-4193-87FE-A2A6BD239D17}.Release|Any CPU.ActiveCfg = Release|Any CPU
		{979CE6AE-4399-4193-87FE-A2A6BD239D17}.Release|Any CPU.Build.0 = Release|Any CPU
		{7DD87CA8-F919-4126-820B-4130E7B1E75B}.Debug|Any CPU.ActiveCfg = Debug|Any CPU
		{7DD87CA8-F919-4126-820B-4130E7B1E75B}.Debug|Any CPU.Build.0 = Debug|Any CPU
		{7DD87CA8-F919-4126-820B-4130E7B1E75B}.Release|Any CPU.ActiveCfg = Release|Any CPU
		{7DD87CA8-F919-4126-820B-4130E7B1E75B}.Release|Any CPU.Build.0 = Release|Any CPU
		{49D14952-BE56-445E-9EDC-8DE2FEA88FB0}.Debug|Any CPU.ActiveCfg = Debug|Any CPU
		{49D14952-BE56-445E-9EDC-8DE2FEA88FB0}.Debug|Any CPU.Build.0 = Debug|Any CPU
		{49D14952-BE56-445E-9EDC-8DE2FEA88FB0}.Release|Any CPU.ActiveCfg = Release|Any CPU
		{49D14952-BE56-445E-9EDC-8DE2FEA88FB0}.Release|Any CPU.Build.0 = Release|Any CPU
		{DE842097-D807-43F5-999B-913F6E13AE29}.Debug|Any CPU.ActiveCfg = Debug|Any CPU
		{DE842097-D807-43F5-999B-913F6E13AE29}.Debug|Any CPU.Build.0 = Debug|Any CPU
		{DE842097-D807-43F5-999B-913F6E13AE29}.Release|Any CPU.ActiveCfg = Release|Any CPU
		{DE842097-D807-43F5-999B-913F6E13AE29}.Release|Any CPU.Build.0 = Release|Any CPU
		{A47A4E22-5842-4504-9712-09720EBCED78}.Debug|Any CPU.ActiveCfg = Debug|Any CPU
		{A47A4E22-5842-4504-9712-09720EBCED78}.Debug|Any CPU.Build.0 = Debug|Any CPU
		{A47A4E22-5842-4504-9712-09720EBCED78}.Release|Any CPU.ActiveCfg = Release|Any CPU
		{A47A4E22-5842-4504-9712-09720EBCED78}.Release|Any CPU.Build.0 = Release|Any CPU
		{E1DCD955-05DD-4EC1-B16E-01F9EFBE9879}.Debug|Any CPU.ActiveCfg = Debug|Any CPU
		{E1DCD955-05DD-4EC1-B16E-01F9EFBE9879}.Debug|Any CPU.Build.0 = Debug|Any CPU
		{E1DCD955-05DD-4EC1-B16E-01F9EFBE9879}.Release|Any CPU.ActiveCfg = Release|Any CPU
		{E1DCD955-05DD-4EC1-B16E-01F9EFBE9879}.Release|Any CPU.Build.0 = Release|Any CPU
		{5B84B3CF-1D3E-4A8C-A7F1-595A70C83C63}.Debug|Any CPU.ActiveCfg = Debug|Any CPU
		{5B84B3CF-1D3E-4A8C-A7F1-595A70C83C63}.Debug|Any CPU.Build.0 = Debug|Any CPU
		{5B84B3CF-1D3E-4A8C-A7F1-595A70C83C63}.Release|Any CPU.ActiveCfg = Release|Any CPU
		{5B84B3CF-1D3E-4A8C-A7F1-595A70C83C63}.Release|Any CPU.Build.0 = Release|Any CPU
	EndGlobalSection
	GlobalSection(SolutionProperties) = preSolution
		HideSolutionNode = FALSE
	EndGlobalSection
	GlobalSection(NestedProjects) = preSolution
		{7EE12737-0664-47E2-9529-78D85A36185D} = {34BA0D2F-5CE8-4840-9A12-4F71A0D92367}
		{F3342DA3-908C-4B82-9AD2-11F510ED295C} = {34BA0D2F-5CE8-4840-9A12-4F71A0D92367}
		{4A08DA05-6775-4A89-8BBB-3829E16B6D95} = {34BA0D2F-5CE8-4840-9A12-4F71A0D92367}
		{2C321240-87E1-40D1-AE48-B188250D7F4F} = {90A4AED7-EA6B-473B-B01F-447150187880}
		{D2147688-6947-47F1-A567-33A52D658F29} = {90A4AED7-EA6B-473B-B01F-447150187880}
		{7C1AF3A4-7A56-4EF9-AF31-DB734FB66322} = {90A4AED7-EA6B-473B-B01F-447150187880}
		{F58F32AB-E162-40CA-ABC6-6F6EB653B802} = {DF5D5BF9-E80A-45DB-B9F0-8758888CF202}
		{E30052EC-7608-4878-997D-E37284C081D0} = {DF5D5BF9-E80A-45DB-B9F0-8758888CF202}
		{979CE6AE-4399-4193-87FE-A2A6BD239D17} = {DF5D5BF9-E80A-45DB-B9F0-8758888CF202}
		{7DD87CA8-F919-4126-820B-4130E7B1E75B} = {7037F677-8011-4986-AED3-D11FE2CEE640}
		{49D14952-BE56-445E-9EDC-8DE2FEA88FB0} = {7037F677-8011-4986-AED3-D11FE2CEE640}
		{DE842097-D807-43F5-999B-913F6E13AE29} = {7037F677-8011-4986-AED3-D11FE2CEE640}
		{A47A4E22-5842-4504-9712-09720EBCED78} = {101216DB-B804-4C2A-8E66-33F9B0BB7E55}
		{E1DCD955-05DD-4EC1-B16E-01F9EFBE9879} = {101216DB-B804-4C2A-8E66-33F9B0BB7E55}
		{5B84B3CF-1D3E-4A8C-A7F1-595A70C83C63} = {101216DB-B804-4C2A-8E66-33F9B0BB7E55}
	EndGlobalSection
	GlobalSection(ExtensibilityGlobals) = postSolution
		SolutionGuid = {084BABB6-A5B5-42D4-84B3-A7D6BEA21514}
	EndGlobalSection
EndGlobal
